
Microsoft Visual Studio Solution File, Format Version 12.00
# Visual Studio 2012
Project("{FAE04EC0-301F-11D3-BF4B-00C04F79EFBC}") = "Web", "Web\Web.csproj", "{ABEC54AB-69F9-4C7A-9279-0C985302FD9B}"
EndProject
Project("{FAE04EC0-301F-11D3-BF4B-00C04F79EFBC}") = "BL", "BL\BL.csproj", "{98F6028E-3C35-4500-86EA-A4F4B4BC2FB7}"
EndProject
Project("{FAE04EC0-301F-11D3-BF4B-00C04F79EFBC}") = "DAL", "DAL\DAL.csproj", "{DE394B70-CB93-4A29-8A98-F0AF5E28B4E1}"
EndProject
Project("{FAE04EC0-301F-11D3-BF4B-00C04F79EFBC}") = "Model", "Model\Model.csproj", "{B85318C1-C141-4A6D-893D-9227F9ACFA1E}"
EndProject
Global
	GlobalSection(SolutionConfigurationPlatforms) = preSolution
		Debug|Any CPU = Debug|Any CPU
		Release|Any CPU = Release|Any CPU
	EndGlobalSection
	GlobalSection(ProjectConfigurationPlatforms) = postSolution
		{ABEC54AB-69F9-4C7A-9279-0C985302FD9B}.Debug|Any CPU.ActiveCfg = Debug|Any CPU
		{ABEC54AB-69F9-4C7A-9279-0C985302FD9B}.Debug|Any CPU.Build.0 = Debug|Any CPU
		{ABEC54AB-69F9-4C7A-9279-0C985302FD9B}.Release|Any CPU.ActiveCfg = Release|Any CPU
		{ABEC54AB-69F9-4C7A-9279-0C985302FD9B}.Release|Any CPU.Build.0 = Release|Any CPU
		{98F6028E-3C35-4500-86EA-A4F4B4BC2FB7}.Debug|Any CPU.ActiveCfg = Debug|Any CPU
		{98F6028E-3C35-4500-86EA-A4F4B4BC2FB7}.Debug|Any CPU.Build.0 = Debug|Any CPU
		{98F6028E-3C35-4500-86EA-A4F4B4BC2FB7}.Release|Any CPU.ActiveCfg = Release|Any CPU
		{98F6028E-3C35-4500-86EA-A4F4B4BC2FB7}.Release|Any CPU.Build.0 = Release|Any CPU
		{DE394B70-CB93-4A29-8A98-F0AF5E28B4E1}.Debug|Any CPU.ActiveCfg = Debug|Any CPU
		{DE394B70-CB93-4A29-8A98-F0AF5E28B4E1}.Debug|Any CPU.Build.0 = Debug|Any CPU
		{DE394B70-CB93-4A29-8A98-F0AF5E28B4E1}.Release|Any CPU.ActiveCfg = Release|Any CPU
		{DE394B70-CB93-4A29-8A98-F0AF5E28B4E1}.Release|Any CPU.Build.0 = Release|Any CPU
		{B85318C1-C141-4A6D-893D-9227F9ACFA1E}.Debug|Any CPU.ActiveCfg = Debug|Any CPU
		{B85318C1-C141-4A6D-893D-9227F9ACFA1E}.Debug|Any CPU.Build.0 = Debug|Any CPU
		{B85318C1-C141-4A6D-893D-9227F9ACFA1E}.Release|Any CPU.ActiveCfg = Release|Any CPU
		{B85318C1-C141-4A6D-893D-9227F9ACFA1E}.Release|Any CPU.Build.0 = Release|Any CPU
	EndGlobalSection
	GlobalSection(SolutionProperties) = preSolution
		HideSolutionNode = FALSE
	EndGlobalSection
EndGlobal
